
Microsoft Visual Studio Solution File, Format Version 12.00
# Visual Studio Version 16
VisualStudioVersion = 16.0.32002.261
MinimumVisualStudioVersion = 10.0.40219.1
Project("{FAE04EC0-301F-11D3-BF4B-00C04F79EFBC}") = "MyWebAp", "MyWebAp\MyWebAp.csproj", "{2B6FE193-6C0E-41FB-957C-FB43F42E0BA1}"
EndProject
Global
	GlobalSection(SolutionConfigurationPlatforms) = preSolution
		Debug|Any CPU = Debug|Any CPU
		Release|Any CPU = Release|Any CPU
	EndGlobalSection
	GlobalSection(ProjectConfigurationPlatforms) = postSolution
		{2B6FE193-6C0E-41FB-957C-FB43F42E0BA1}.Debug|Any CPU.ActiveCfg = Debug|Any CPU
		{2B6FE193-6C0E-41FB-957C-FB43F42E0BA1}.Debug|Any CPU.Build.0 = Debug|Any CPU
		{2B6FE193-6C0E-41FB-957C-FB43F42E0BA1}.Release|Any CPU.ActiveCfg = Release|Any CPU
		{2B6FE193-6C0E-41FB-957C-FB43F42E0BA1}.Release|Any CPU.Build.0 = Release|Any CPU
	EndGlobalSection
	GlobalSection(SolutionProperties) = preSolution
		HideSolutionNode = FALSE
	EndGlobalSection
	GlobalSection(ExtensibilityGlobals) = postSolution
		SolutionGuid = {ACE234A7-4332-481C-BD78-74B4808D755D}
	EndGlobalSection
EndGlobal
